{
  "nodes": {
    "capacitor": {
      "inputs": {
        "nix-eval-jobs": "nix-eval-jobs",
        "nixpkgs": "nixpkgs"
      },
      "locked": {
        "lastModified": 1650326648,
        "narHash": "sha256-098egRQLk9irfRHsevoOAFBXID9G0e6dnSEJ8h2vVag=",
        "owner": "flox",
        "repo": "capacitor",
        "rev": "7374c9ad701c90bd9a89072c47ae2f9554211d67",
        "type": "github"
      },
      "original": {
        "owner": "flox",
        "repo": "capacitor",
        "type": "github"
      }
    },
    "flake-utils": {
      "locked": {
        "lastModified": 1644229661,
        "narHash": "sha256-1YdnJAsNy69bpcjuoKdOYQX0YxZBiCYZo4Twxerqv7k=",
        "owner": "numtide",
        "repo": "flake-utils",
        "rev": "3cecb5b042f7f209c56ffd8371b2711a290ec797",
        "type": "github"
      },
      "original": {
        "owner": "numtide",
        "repo": "flake-utils",
        "type": "github"
      }
    },
    "nix-eval-jobs": {
      "inputs": {
        "flake-utils": "flake-utils",
        "nixpkgs": [
          "capacitor",
          "nixpkgs"
        ]
      },
      "locked": {
        "lastModified": 1649645040,
        "narHash": "sha256-wfdvRP2r91dXjfdbak/30Tv3gZftHlwIyAcUTQIoP9Y=",
        "owner": "tomberek",
        "repo": "nix-eval-jobs",
        "rev": "a56cd00e43a277116b1e46cf636858cac37c0216",
        "type": "github"
      },
      "original": {
        "owner": "tomberek",
        "repo": "nix-eval-jobs",
        "type": "github"
      }
    },
    "nixpkgs": {
      "locked": {
        "lastModified": 1650194139,
        "narHash": "sha256-kurZsqeOw5fpqA/Ig+8tHvbjwzs5P9AE6WUKOX1m6qM=",
        "owner": "NixOS",
        "repo": "nixpkgs",
        "rev": "bd4dffcdb7c577d74745bd1eff6230172bd176d5",
        "type": "github"
      },
      "original": {
        "owner": "NixOS",
        "ref": "nixpkgs-unstable",
        "repo": "nixpkgs",
        "type": "github"
      }
    },
    "nixpkgs_2": {
      "locked": {
        "lastModified": 1650326657,
        "narHash": "sha256-YHQ/zz1QCMls33Cmxfn1jo/NO/Q+ON8aZPO2vIbmj7s=",
        "owner": "nixos",
        "repo": "nixpkgs",
        "rev": "9d51e29b6f37037e4712e1b59018336340502465",
        "type": "github"
      },
      "original": {
        "owner": "nixos",
        "repo": "nixpkgs",
        "type": "github"
      }
    },
    "root": {
      "inputs": {
        "capacitor": "capacitor",
        "nixpkgs": "nixpkgs_2"
      }
    }
  },
  "root": "root",
  "version": 7
}
